
Microsoft Visual Studio Solution File, Format Version 11.00
# Visual Studio 2010
Project("{2150E333-8FDC-42A3-9474-1A3956D46DE8}") = "Dependencies", "Dependencies", "{BD26972E-0036-4C71-A23E-85A9B121E76A}"
EndProject
Project("{2150E333-8FDC-42A3-9474-1A3956D46DE8}") = "Examples", "Examples", "{2E2A4766-7E43-40B9-844A-68DCAB140277}"
EndProject
Project("{2150E333-8FDC-42A3-9474-1A3956D46DE8}") = "Nunit", "Nunit", "{51319DF5-8556-4B7A-9B6C-103CBBAC6B0D}"
	ProjectSection(SolutionItems) = preProject
		Dependencies\Nunit\nunit.framework.dll = Dependencies\Nunit\nunit.framework.dll
		Dependencies\Nunit\nunit.framework.xml = Dependencies\Nunit\nunit.framework.xml
	EndProjectSection
EndProject
Project("{2150E333-8FDC-42A3-9474-1A3956D46DE8}") = "Rhino.Mocks", "Rhino.Mocks", "{7299DFB7-B767-434F-80B2-DFB7E5B0980B}"
	ProjectSection(SolutionItems) = preProject
		Dependencies\Rhino.Mocks\Rhino.Mocks.dll = Dependencies\Rhino.Mocks\Rhino.Mocks.dll
		Dependencies\Rhino.Mocks\Rhino.Mocks.xml = Dependencies\Rhino.Mocks\Rhino.Mocks.xml
	EndProjectSection
EndProject
Project("{2150E333-8FDC-42A3-9474-1A3956D46DE8}") = "QuickStarts", "QuickStarts", "{4EDAD7AA-34B6-4F7A-B2B3-BDA0D9A87FEC}"
EndProject
Project("{2150E333-8FDC-42A3-9474-1A3956D46DE8}") = "Tests", "Tests", "{1BD15AEE-67E3-44CF-8FEF-5D2B170720F4}"
EndProject
Project("{2150E333-8FDC-42A3-9474-1A3956D46DE8}") = "Source", "Source", "{8B0EA7EC-6410-47BE-898F-0E33A2F1310E}"
EndProject
Project("{FAE04EC0-301F-11D3-BF4B-00C04F79EFBC}") = "NGenerics.Silverlight", "NGenerics\NGenerics.Silverlight.csproj", "{8B02FFCD-07F4-4082-904A-A2A2EBD2A06D}"
EndProject
Global
	GlobalSection(SolutionConfigurationPlatforms) = preSolution
		Debug|Any CPU = Debug|Any CPU
		Release|Any CPU = Release|Any CPU
	EndGlobalSection
	GlobalSection(ProjectConfigurationPlatforms) = postSolution
		{8B02FFCD-07F4-4082-904A-A2A2EBD2A06D}.Debug|Any CPU.ActiveCfg = Debug|Any CPU
		{8B02FFCD-07F4-4082-904A-A2A2EBD2A06D}.Debug|Any CPU.Build.0 = Debug|Any CPU
		{8B02FFCD-07F4-4082-904A-A2A2EBD2A06D}.Release|Any CPU.ActiveCfg = Release|Any CPU
		{8B02FFCD-07F4-4082-904A-A2A2EBD2A06D}.Release|Any CPU.Build.0 = Release|Any CPU
	EndGlobalSection
	GlobalSection(SolutionProperties) = preSolution
		HideSolutionNode = FALSE
	EndGlobalSection
	GlobalSection(NestedProjects) = preSolution
		{51319DF5-8556-4B7A-9B6C-103CBBAC6B0D} = {BD26972E-0036-4C71-A23E-85A9B121E76A}
		{7299DFB7-B767-434F-80B2-DFB7E5B0980B} = {BD26972E-0036-4C71-A23E-85A9B121E76A}
		{8B02FFCD-07F4-4082-904A-A2A2EBD2A06D} = {8B0EA7EC-6410-47BE-898F-0E33A2F1310E}
	EndGlobalSection
EndGlobal
