
Microsoft Visual Studio Solution File, Format Version 10.00
# Visual Studio 2008
Project("{2150E333-8FDC-42A3-9474-1A3956D46DE8}") = "Dependencies", "Dependencies", "{BD26972E-0036-4C71-A23E-85A9B121E76A}"
EndProject
Project("{FAE04EC0-301F-11D3-BF4B-00C04F79EFBC}") = "NGenerics", "NGenerics\NGenerics.csproj", "{E9627A13-B84F-4C54-BC1E-ACC0B2E86E13}"
EndProject
Project("{FAE04EC0-301F-11D3-BF4B-00C04F79EFBC}") = "NGenerics.Tests", "NGenericsTests\NGenerics.Tests.csproj", "{EB755C88-21F2-41BC-B1C4-7C3392D1AA53}"
EndProject
Project("{2150E333-8FDC-42A3-9474-1A3956D46DE8}") = "Nunit", "Nunit", "{51319DF5-8556-4B7A-9B6C-103CBBAC6B0D}"
	ProjectSection(SolutionItems) = preProject
		Dependencies\Nunit\nunit.framework.dll = Dependencies\Nunit\nunit.framework.dll
		Dependencies\Nunit\nunit.framework.xml = Dependencies\Nunit\nunit.framework.xml
	EndProjectSection
EndProject
Project("{2150E333-8FDC-42A3-9474-1A3956D46DE8}") = "Rhino.Mocks", "Rhino.Mocks", "{7299DFB7-B767-434F-80B2-DFB7E5B0980B}"
	ProjectSection(SolutionItems) = preProject
		Dependencies\Rhino.Mocks\Rhino.Mocks.dll = Dependencies\Rhino.Mocks\Rhino.Mocks.dll
		Dependencies\Rhino.Mocks\Rhino.Mocks.xml = Dependencies\Rhino.Mocks\Rhino.Mocks.xml
	EndProjectSection
EndProject
Project("{FAE04EC0-301F-11D3-BF4B-00C04F79EFBC}") = "NGenerics.UI", "NGenerics.UI\NGenerics.UI.csproj", "{9B539DCE-170B-4ACF-BFF2-6479343E4DDA}"
EndProject
Project("{FAE04EC0-301F-11D3-BF4B-00C04F79EFBC}") = "NGenerics.UI.Test", "NGenerics.UI.Test\NGenerics.UI.Test.csproj", "{D220ABAC-E44D-4AB5-B980-C6D75B63DFA1}"
EndProject
Project("{2150E333-8FDC-42A3-9474-1A3956D46DE8}") = "Tests", "Tests", "{1BD15AEE-67E3-44CF-8FEF-5D2B170720F4}"
EndProject
Project("{2150E333-8FDC-42A3-9474-1A3956D46DE8}") = "Source", "Source", "{8B0EA7EC-6410-47BE-898F-0E33A2F1310E}"
EndProject
Project("{2150E333-8FDC-42A3-9474-1A3956D46DE8}") = "SupportPrograms", "SupportPrograms", "{678FE67E-55D1-4AE4-ADCD-45557F3D628C}"
EndProject
Project("{FAE04EC0-301F-11D3-BF4B-00C04F79EFBC}") = "ProjectSynchronizer", "SupportPrograms\ProjectSynchronizer\ProjectSynchronizer.csproj", "{6E7A7679-7F1E-4165-88D8-5E4593CA34A6}"
EndProject
Project("{FAE04EC0-301F-11D3-BF4B-00C04F79EFBC}") = "ProjectSynchronizer.Core", "SupportPrograms\ProjectSynchronizer.Core\ProjectSynchronizer.Core.csproj", "{7BFEA8A8-1431-4BF5-A2E8-A18564CB9D53}"
EndProject
Global
	GlobalSection(SolutionConfigurationPlatforms) = preSolution
		Debug|Any CPU = Debug|Any CPU
		Release|Any CPU = Release|Any CPU
	EndGlobalSection
	GlobalSection(ProjectConfigurationPlatforms) = postSolution
		{E9627A13-B84F-4C54-BC1E-ACC0B2E86E13}.Debug|Any CPU.ActiveCfg = Debug|Any CPU
		{E9627A13-B84F-4C54-BC1E-ACC0B2E86E13}.Debug|Any CPU.Build.0 = Debug|Any CPU
		{E9627A13-B84F-4C54-BC1E-ACC0B2E86E13}.Release|Any CPU.ActiveCfg = Release|Any CPU
		{E9627A13-B84F-4C54-BC1E-ACC0B2E86E13}.Release|Any CPU.Build.0 = Release|Any CPU
		{EB755C88-21F2-41BC-B1C4-7C3392D1AA53}.Debug|Any CPU.ActiveCfg = Debug|Any CPU
		{EB755C88-21F2-41BC-B1C4-7C3392D1AA53}.Debug|Any CPU.Build.0 = Debug|Any CPU
		{EB755C88-21F2-41BC-B1C4-7C3392D1AA53}.Release|Any CPU.ActiveCfg = Release|Any CPU
		{EB755C88-21F2-41BC-B1C4-7C3392D1AA53}.Release|Any CPU.Build.0 = Release|Any CPU
		{9B539DCE-170B-4ACF-BFF2-6479343E4DDA}.Debug|Any CPU.ActiveCfg = Debug|Any CPU
		{9B539DCE-170B-4ACF-BFF2-6479343E4DDA}.Debug|Any CPU.Build.0 = Debug|Any CPU
		{9B539DCE-170B-4ACF-BFF2-6479343E4DDA}.Release|Any CPU.ActiveCfg = Release|Any CPU
		{9B539DCE-170B-4ACF-BFF2-6479343E4DDA}.Release|Any CPU.Build.0 = Release|Any CPU
		{D220ABAC-E44D-4AB5-B980-C6D75B63DFA1}.Debug|Any CPU.ActiveCfg = Debug|Any CPU
		{D220ABAC-E44D-4AB5-B980-C6D75B63DFA1}.Debug|Any CPU.Build.0 = Debug|Any CPU
		{D220ABAC-E44D-4AB5-B980-C6D75B63DFA1}.Release|Any CPU.ActiveCfg = Release|Any CPU
		{D220ABAC-E44D-4AB5-B980-C6D75B63DFA1}.Release|Any CPU.Build.0 = Release|Any CPU
		{6E7A7679-7F1E-4165-88D8-5E4593CA34A6}.Debug|Any CPU.ActiveCfg = Debug|Any CPU
		{6E7A7679-7F1E-4165-88D8-5E4593CA34A6}.Debug|Any CPU.Build.0 = Debug|Any CPU
		{6E7A7679-7F1E-4165-88D8-5E4593CA34A6}.Release|Any CPU.ActiveCfg = Release|Any CPU
		{6E7A7679-7F1E-4165-88D8-5E4593CA34A6}.Release|Any CPU.Build.0 = Release|Any CPU
		{7BFEA8A8-1431-4BF5-A2E8-A18564CB9D53}.Debug|Any CPU.ActiveCfg = Debug|Any CPU
		{7BFEA8A8-1431-4BF5-A2E8-A18564CB9D53}.Debug|Any CPU.Build.0 = Debug|Any CPU
		{7BFEA8A8-1431-4BF5-A2E8-A18564CB9D53}.Release|Any CPU.ActiveCfg = Release|Any CPU
		{7BFEA8A8-1431-4BF5-A2E8-A18564CB9D53}.Release|Any CPU.Build.0 = Release|Any CPU
	EndGlobalSection
	GlobalSection(SolutionProperties) = preSolution
		HideSolutionNode = FALSE
	EndGlobalSection
	GlobalSection(NestedProjects) = preSolution
		{51319DF5-8556-4B7A-9B6C-103CBBAC6B0D} = {BD26972E-0036-4C71-A23E-85A9B121E76A}
		{7299DFB7-B767-434F-80B2-DFB7E5B0980B} = {BD26972E-0036-4C71-A23E-85A9B121E76A}
		{9B539DCE-170B-4ACF-BFF2-6479343E4DDA} = {8B0EA7EC-6410-47BE-898F-0E33A2F1310E}
		{E9627A13-B84F-4C54-BC1E-ACC0B2E86E13} = {8B0EA7EC-6410-47BE-898F-0E33A2F1310E}
		{D220ABAC-E44D-4AB5-B980-C6D75B63DFA1} = {1BD15AEE-67E3-44CF-8FEF-5D2B170720F4}
		{EB755C88-21F2-41BC-B1C4-7C3392D1AA53} = {1BD15AEE-67E3-44CF-8FEF-5D2B170720F4}
		{6E7A7679-7F1E-4165-88D8-5E4593CA34A6} = {678FE67E-55D1-4AE4-ADCD-45557F3D628C}
		{7BFEA8A8-1431-4BF5-A2E8-A18564CB9D53} = {678FE67E-55D1-4AE4-ADCD-45557F3D628C}
	EndGlobalSection
EndGlobal
